
Microsoft Visual Studio Solution File, Format Version 12.00
# Visual Studio Version 17
VisualStudioVersion = 17.14.36811.4
MinimumVisualStudioVersion = 10.0.40219.1
Project("{FAE04EC0-301F-11D3-BF4B-00C04F79EFBC}") = "MyStructureData", "MyStructureData\MyStructureData.csproj", "{123CD6D1-7770-4A08-B8B0-225C9E1AFB31}"
EndProject
Project("{FAE04EC0-301F-11D3-BF4B-00C04F79EFBC}") = "MyLinkedList", "MyLinkedList\MyLinkedList.csproj", "{5498C385-51AE-4FF0-BF20-298F3992B6E1}"
EndProject
Project("{FAE04EC0-301F-11D3-BF4B-00C04F79EFBC}") = "MyLinkedListWithTail", "MyLinkedListWithTail\MyLinkedListWithTail.csproj", "{68443732-AEA0-4FD5-865D-76E00C503057}"
EndProject
Project("{FAE04EC0-301F-11D3-BF4B-00C04F79EFBC}") = "MyDoublyLinkedList", "MyDoublyLinkedList\MyDoublyLinkedList.csproj", "{AFE3BBB7-382F-4F32-BC6A-8A22E72F482B}"
EndProject
Project("{FAE04EC0-301F-11D3-BF4B-00C04F79EFBC}") = "MyCyclicDoublyLinkedList", "MyCyclicDoublyLinkedList\MyCyclicDoublyLinkedList.csproj", "{EB2261AC-E392-453B-920A-38E8E6FB2B3B}"
EndProject
Project("{FAE04EC0-301F-11D3-BF4B-00C04F79EFBC}") = "MyStackByMassive", "MyStackByMassive\MyStackByMassive.csproj", "{CEA8E94B-5C50-4436-B8D8-BA35D23D4011}"
EndProject
Project("{FAE04EC0-301F-11D3-BF4B-00C04F79EFBC}") = "MyStackByLinkedList", "MyStackByLinkedList\MyStackByLinkedList.csproj", "{87DBE673-7044-4C5E-9F8E-D71FBF78ADBA}"
EndProject
Project("{FAE04EC0-301F-11D3-BF4B-00C04F79EFBC}") = "MyQueueByMassive", "MyQueueByMassive\MyQueueByMassive.csproj", "{4891FDD5-15AE-4013-8B2B-8955AF3FA646}"
EndProject
Project("{FAE04EC0-301F-11D3-BF4B-00C04F79EFBC}") = "MyQueueByLinkedList", "MyQueueByLinkedList\MyQueueByLinkedList.csproj", "{886A60FE-D2A1-42E9-AD26-A72AD5AB41A4}"
EndProject
Global
	GlobalSection(SolutionConfigurationPlatforms) = preSolution
		Debug|Any CPU = Debug|Any CPU
		Release|Any CPU = Release|Any CPU
	EndGlobalSection
	GlobalSection(ProjectConfigurationPlatforms) = postSolution
		{123CD6D1-7770-4A08-B8B0-225C9E1AFB31}.Debug|Any CPU.ActiveCfg = Debug|Any CPU
		{123CD6D1-7770-4A08-B8B0-225C9E1AFB31}.Debug|Any CPU.Build.0 = Debug|Any CPU
		{123CD6D1-7770-4A08-B8B0-225C9E1AFB31}.Release|Any CPU.ActiveCfg = Release|Any CPU
		{123CD6D1-7770-4A08-B8B0-225C9E1AFB31}.Release|Any CPU.Build.0 = Release|Any CPU
		{5498C385-51AE-4FF0-BF20-298F3992B6E1}.Debug|Any CPU.ActiveCfg = Debug|Any CPU
		{5498C385-51AE-4FF0-BF20-298F3992B6E1}.Debug|Any CPU.Build.0 = Debug|Any CPU
		{5498C385-51AE-4FF0-BF20-298F3992B6E1}.Release|Any CPU.ActiveCfg = Release|Any CPU
		{5498C385-51AE-4FF0-BF20-298F3992B6E1}.Release|Any CPU.Build.0 = Release|Any CPU
		{68443732-AEA0-4FD5-865D-76E00C503057}.Debug|Any CPU.ActiveCfg = Debug|Any CPU
		{68443732-AEA0-4FD5-865D-76E00C503057}.Debug|Any CPU.Build.0 = Debug|Any CPU
		{68443732-AEA0-4FD5-865D-76E00C503057}.Release|Any CPU.ActiveCfg = Release|Any CPU
		{68443732-AEA0-4FD5-865D-76E00C503057}.Release|Any CPU.Build.0 = Release|Any CPU
		{AFE3BBB7-382F-4F32-BC6A-8A22E72F482B}.Debug|Any CPU.ActiveCfg = Debug|Any CPU
		{AFE3BBB7-382F-4F32-BC6A-8A22E72F482B}.Debug|Any CPU.Build.0 = Debug|Any CPU
		{AFE3BBB7-382F-4F32-BC6A-8A22E72F482B}.Release|Any CPU.ActiveCfg = Release|Any CPU
		{AFE3BBB7-382F-4F32-BC6A-8A22E72F482B}.Release|Any CPU.Build.0 = Release|Any CPU
		{EB2261AC-E392-453B-920A-38E8E6FB2B3B}.Debug|Any CPU.ActiveCfg = Debug|Any CPU
		{EB2261AC-E392-453B-920A-38E8E6FB2B3B}.Debug|Any CPU.Build.0 = Debug|Any CPU
		{EB2261AC-E392-453B-920A-38E8E6FB2B3B}.Release|Any CPU.ActiveCfg = Release|Any CPU
		{EB2261AC-E392-453B-920A-38E8E6FB2B3B}.Release|Any CPU.Build.0 = Release|Any CPU
		{CEA8E94B-5C50-4436-B8D8-BA35D23D4011}.Debug|Any CPU.ActiveCfg = Debug|Any CPU
		{CEA8E94B-5C50-4436-B8D8-BA35D23D4011}.Debug|Any CPU.Build.0 = Debug|Any CPU
		{CEA8E94B-5C50-4436-B8D8-BA35D23D4011}.Release|Any CPU.ActiveCfg = Release|Any CPU
		{CEA8E94B-5C50-4436-B8D8-BA35D23D4011}.Release|Any CPU.Build.0 = Release|Any CPU
		{87DBE673-7044-4C5E-9F8E-D71FBF78ADBA}.Debug|Any CPU.ActiveCfg = Debug|Any CPU
		{87DBE673-7044-4C5E-9F8E-D71FBF78ADBA}.Debug|Any CPU.Build.0 = Debug|Any CPU
		{87DBE673-7044-4C5E-9F8E-D71FBF78ADBA}.Release|Any CPU.ActiveCfg = Release|Any CPU
		{87DBE673-7044-4C5E-9F8E-D71FBF78ADBA}.Release|Any CPU.Build.0 = Release|Any CPU
		{4891FDD5-15AE-4013-8B2B-8955AF3FA646}.Debug|Any CPU.ActiveCfg = Debug|Any CPU
		{4891FDD5-15AE-4013-8B2B-8955AF3FA646}.Debug|Any CPU.Build.0 = Debug|Any CPU
		{4891FDD5-15AE-4013-8B2B-8955AF3FA646}.Release|Any CPU.ActiveCfg = Release|Any CPU
		{4891FDD5-15AE-4013-8B2B-8955AF3FA646}.Release|Any CPU.Build.0 = Release|Any CPU
		{886A60FE-D2A1-42E9-AD26-A72AD5AB41A4}.Debug|Any CPU.ActiveCfg = Debug|Any CPU
		{886A60FE-D2A1-42E9-AD26-A72AD5AB41A4}.Debug|Any CPU.Build.0 = Debug|Any CPU
		{886A60FE-D2A1-42E9-AD26-A72AD5AB41A4}.Release|Any CPU.ActiveCfg = Release|Any CPU
		{886A60FE-D2A1-42E9-AD26-A72AD5AB41A4}.Release|Any CPU.Build.0 = Release|Any CPU
	EndGlobalSection
	GlobalSection(SolutionProperties) = preSolution
		HideSolutionNode = FALSE
	EndGlobalSection
	GlobalSection(ExtensibilityGlobals) = postSolution
		SolutionGuid = {2F8BBC47-0618-42EE-A830-71B32A52FA1F}
	EndGlobalSection
EndGlobal
